
Microsoft Visual Studio Solution File, Format Version 12.00
# Visual Studio Version 17
VisualStudioVersion = 17.14.36221.1 d17.14
MinimumVisualStudioVersion = 10.0.40219.1
Project("{54A90642-561A-4BB1-A94E-469ADEE60C69}") = "papu.client", "papu.client\papu.client.esproj", "{8A95DBB3-0FA9-6EFB-C407-DB34C10D9DCC}"
EndProject
Project("{FAE04EC0-301F-11D3-BF4B-00C04F79EFBC}") = "Papu.Server", "Papu.Server\Papu.Server.csproj", "{6D69768B-A3F4-4E02-9955-E41012C1D908}"
EndProject
Global
	GlobalSection(SolutionConfigurationPlatforms) = preSolution
		Debug|Any CPU = Debug|Any CPU
		Release|Any CPU = Release|Any CPU
	EndGlobalSection
	GlobalSection(ProjectConfigurationPlatforms) = postSolution
		{8A95DBB3-0FA9-6EFB-C407-DB34C10D9DCC}.Debug|Any CPU.ActiveCfg = Debug|Any CPU
		{8A95DBB3-0FA9-6EFB-C407-DB34C10D9DCC}.Debug|Any CPU.Build.0 = Debug|Any CPU
		{8A95DBB3-0FA9-6EFB-C407-DB34C10D9DCC}.Debug|Any CPU.Deploy.0 = Debug|Any CPU
		{8A95DBB3-0FA9-6EFB-C407-DB34C10D9DCC}.Release|Any CPU.ActiveCfg = Release|Any CPU
		{8A95DBB3-0FA9-6EFB-C407-DB34C10D9DCC}.Release|Any CPU.Build.0 = Release|Any CPU
		{8A95DBB3-0FA9-6EFB-C407-DB34C10D9DCC}.Release|Any CPU.Deploy.0 = Release|Any CPU
		{6D69768B-A3F4-4E02-9955-E41012C1D908}.Debug|Any CPU.ActiveCfg = Debug|Any CPU
		{6D69768B-A3F4-4E02-9955-E41012C1D908}.Debug|Any CPU.Build.0 = Debug|Any CPU
		{6D69768B-A3F4-4E02-9955-E41012C1D908}.Release|Any CPU.ActiveCfg = Release|Any CPU
		{6D69768B-A3F4-4E02-9955-E41012C1D908}.Release|Any CPU.Build.0 = Release|Any CPU
	EndGlobalSection
	GlobalSection(SolutionProperties) = preSolution
		HideSolutionNode = FALSE
	EndGlobalSection
	GlobalSection(ExtensibilityGlobals) = postSolution
		SolutionGuid = {39C88498-EA7C-4BDE-8B85-879ECFC76841}
	EndGlobalSection
EndGlobal
